
Microsoft Visual Studio Solution File, Format Version 12.00
# Visual Studio Version 17
VisualStudioVersion = 17.5.33627.172
MinimumVisualStudioVersion = 10.0.40219.1
Project("{FAE04EC0-301F-11D3-BF4B-00C04F79EFBC}") = "TunicArchipelago", "TunicArchipelago.csproj", "{397B6E45-1E6E-41D7-AF74-AAEE42ACFDAC}"
EndProject
Global
	GlobalSection(SolutionConfigurationPlatforms) = preSolution
		Debug|Any CPU = Debug|Any CPU
		Release|Any CPU = Release|Any CPU
	EndGlobalSection
	GlobalSection(ProjectConfigurationPlatforms) = postSolution
		{397B6E45-1E6E-41D7-AF74-AAEE42ACFDAC}.Debug|Any CPU.ActiveCfg = Debug|Any CPU
		{397B6E45-1E6E-41D7-AF74-AAEE42ACFDAC}.Debug|Any CPU.Build.0 = Debug|Any CPU
		{397B6E45-1E6E-41D7-AF74-AAEE42ACFDAC}.Release|Any CPU.ActiveCfg = Release|Any CPU
		{397B6E45-1E6E-41D7-AF74-AAEE42ACFDAC}.Release|Any CPU.Build.0 = Release|Any CPU
	EndGlobalSection
	GlobalSection(SolutionProperties) = preSolution
		HideSolutionNode = FALSE
	EndGlobalSection
	GlobalSection(ExtensibilityGlobals) = postSolution
		SolutionGuid = {817FB348-6D5B-4EE7-B6EC-B9BE875501C3}
	EndGlobalSection
EndGlobal
